
Microsoft Visual Studio Solution File, Format Version 12.00
# Visual Studio Version 17
VisualStudioVersion = 17.1.32421.90
MinimumVisualStudioVersion = 10.0.40219.1
Project("{FAE04EC0-301F-11D3-BF4B-00C04F79EFBC}") = "Atena.EntityFramework.Lesson", "Atena.EntityFramework.Lesson\Atena.EntityFramework.Lesson.csproj", "{F5F400A8-CA1B-4CD0-AE32-6DA7102C71EF}"
EndProject
Global
	GlobalSection(SolutionConfigurationPlatforms) = preSolution
		Debug|Any CPU = Debug|Any CPU
		Release|Any CPU = Release|Any CPU
	EndGlobalSection
	GlobalSection(ProjectConfigurationPlatforms) = postSolution
		{F5F400A8-CA1B-4CD0-AE32-6DA7102C71EF}.Debug|Any CPU.ActiveCfg = Debug|Any CPU
		{F5F400A8-CA1B-4CD0-AE32-6DA7102C71EF}.Debug|Any CPU.Build.0 = Debug|Any CPU
		{F5F400A8-CA1B-4CD0-AE32-6DA7102C71EF}.Release|Any CPU.ActiveCfg = Release|Any CPU
		{F5F400A8-CA1B-4CD0-AE32-6DA7102C71EF}.Release|Any CPU.Build.0 = Release|Any CPU
	EndGlobalSection
	GlobalSection(SolutionProperties) = preSolution
		HideSolutionNode = FALSE
	EndGlobalSection
	GlobalSection(ExtensibilityGlobals) = postSolution
		SolutionGuid = {A83D547D-84CB-4CCC-ADDB-E0E30094B66E}
	EndGlobalSection
EndGlobal
